<?xml version="1.0" encoding="utf-8"?>
<Project ToolsVersion="4.0" xmlns="http://schemas.microsoft.com/developer/msbuild/2003">
  <ItemGroup>
    <Filter Include="Source Files">
      <UniqueIdentifier>{4FC737F1-C7A5-4376-A066-2A32D752A2FF}</UniqueIdentifier>
      <Extensions>qml;cpp;c;cc;cxx;def;odl;idl;hpj;bat;asm;asmx</Extensions>
    </Filter>
    <Filter Include="Header Files">
      <UniqueIdentifier>{93995380-89BD-4b04-88EB-625FBE52EBFB}</UniqueIdentifier>
      <Extensions>h;hh;hpp;hxx;hm;inl;inc;xsd</Extensions>
    </Filter>
    <Filter Include="Resource Files">
      <UniqueIdentifier>{67DA6AB6-F800-4c08-8B7A-83BB121AAD01}</UniqueIdentifier>
      <Extensions>qrc;rc;ico;cur;bmp;dlg;rc2;rct;bin;rgs;gif;jpg;jpeg;jpe;resx;tiff;tif;png;wav;mfcribbon-ms</Extensions>
    </Filter>
    <Filter Include="Form Files">
      <UniqueIdentifier>{99349809-55BA-4b9d-BF79-8FDBB0286EB3}</UniqueIdentifier>
      <Extensions>ui</Extensions>
    </Filter>
    <Filter Include="Translation Files">
      <UniqueIdentifier>{639EADAA-A684-42e4-A9AD-28FC9BCB8F7C}</UniqueIdentifier>
      <Extensions>ts</Extensions>
    </Filter>
  </ItemGroup>
  <ItemGroup>
    <QtRcc Include="mainWidget.qrc">
      <Filter>Resource Files</Filter>
    </QtRcc>
    <QtUic Include="mainWidget.ui">
      <Filter>Form Files</Filter>
    </QtUic>
    <QtMoc Include="mainWidget.h">
      <Filter>Header Files</Filter>
    </QtMoc>
    <ClCompile Include="mainWidget.cpp">
      <Filter>Source Files</Filter>
    </ClCompile>
    <QtRcc Include="Resource.qrc">
      <Filter>Resource Files</Filter>
    </QtRcc>
  </ItemGroup>
  <ItemGroup>
    <ClCompile Include="main.cpp">
      <Filter>Source Files</Filter>
    </ClCompile>
    <ClCompile Include="occView.cpp">
      <Filter>Source Files</Filter>
    </ClCompile>
    <ClCompile Include="GFTreeModelWidget.cpp">
      <Filter>Source Files</Filter>
    </ClCompile>
    <ClCompile Include="GFImportModelWidget.cpp">
      <Filter>Source Files</Filter>
    </ClCompile>
    <ClCompile Include="GFLogWidget.cpp">
      <Filter>Source Files</Filter>
    </ClCompile>
    <ClCompile Include="DatabaseWidget.cpp">
      <Filter>Source Files</Filter>
    </ClCompile>
    <ClCompile Include="PropertyWidget\BasePropertyWidget.cpp">
      <Filter>Source Files</Filter>
    </ClCompile>
    <ClCompile Include="PropertyWidget\GeomPropertyWidget.cpp">
      <Filter>Source Files</Filter>
    </ClCompile>
    <ClCompile Include="PropertyWidget\MaterialPropertyWidget.cpp">
      <Filter>Source Files</Filter>
    </ClCompile>
    <ClCompile Include="PropertyWidget\ShellPropertyWidget.cpp">
      <Filter>Source Files</Filter>
    </ClCompile>
    <ClCompile Include="PropertyWidget\PropellantPropertyWidget.cpp">
      <Filter>Source Files</Filter>
    </ClCompile>
    <ClCompile Include="PropertyWidget\ProjectPropertyWidge.cpp">
      <Filter>Source Files</Filter>
    </ClCompile>
    <ClCompile Include="DataStructure\TriangleStructure.cpp">
      <Filter>Source Files</Filter>
    </ClCompile>
    <ClCompile Include="DataStructure\ModelDataManager.cpp">
      <Filter>Source Files</Filter>
    </ClCompile>
    <ClCompile Include="PropertyWidget\CalculationPropertyWidget.cpp">
      <Filter>Source Files</Filter>
    </ClCompile>
    <ClCompile Include="PropertyWidget\GelatinPropertyWidget.cpp">
      <Filter>Source Files</Filter>
    </ClCompile>
    <ClCompile Include="GFTreeWidget.cpp">
      <Filter>Source Files</Filter>
    </ClCompile>
    <ClCompile Include="GFTreeWidgetItemDelegate.cpp">
      <Filter>Source Files</Filter>
    </ClCompile>
    <ClCompile Include="ProgressDialog.cpp">
      <Filter>Source Files</Filter>
    </ClCompile>
    <ClCompile Include="GeometryImportWorker.cpp">
      <Filter>Source Files</Filter>
    </ClCompile>
    <ClCompile Include="PropertyWidget\DatabasePropertyWidget.cpp">
      <Filter>Source Files</Filter>
    </ClCompile>
    <ClCompile Include="WordExporter.cpp">
      <Filter>Source Files</Filter>
    </ClCompile>
    <ClCompile Include="WordExporterWorker.cpp">
      <Filter>Source Files</Filter>
    </ClCompile>
    <ClCompile Include="Algrithm\APICreateMidSurfaceHelper.cpp">
      <Filter>Source Files</Filter>
    </ClCompile>
    <ClCompile Include="TriangulationWorker.cpp">
      <Filter>Source Files</Filter>
    </ClCompile>
    <ClCompile Include="Algrithm\APIRotateMeshHelper.cpp">
      <Filter>Source Files</Filter>
    </ClCompile>
    <ClCompile Include="Algrithm\APICalculateHepler.cpp">
      <Filter>Source Files</Filter>
    </ClCompile>
    <ClCompile Include="Algrithm\APISetNodeValue.cpp">
      <Filter>Source Files</Filter>
    </ClCompile>
    <ClCompile Include="CalculateWorker.cpp">
      <Filter>Source Files</Filter>
    </ClCompile>
    <ClCompile Include="PropertyWidget\PreForwardDesignPropertyWidget.cpp">
      <Filter>Source Files</Filter>
    </ClCompile>
    <ClCompile Include="PropertyWidget\PreReverseOptimizationPropertyWidget.cpp">
      <Filter>Source Files</Filter>
    </ClCompile>
    <ClCompile Include="PropertyWidget\InForwardDesignPropertyWidget.cpp">
      <Filter>Source Files</Filter>
    </ClCompile>
    <ClCompile Include="PropertyWidget\InReverseOptimizationPropertyWidget.cpp">
      <Filter>Source Files</Filter>
    </ClCompile>
    <ClCompile Include="PropertyWidget\MeshPropertyWidget.cpp">
      <Filter>Source Files</Filter>
    </ClCompile>
    <ClCompile Include="QCustomPlot\qcustomplot.cpp">
      <Filter>Source Files</Filter>
    </ClCompile>
    <ClCompile Include="ToolsAnimationWidget.cpp">
      <Filter>Source Files</Filter>
    </ClCompile>
    <ClCompile Include="Algrithm\PreReverseFormulaSolver.cpp">
      <Filter>Source Files</Filter>
    </ClCompile>
    <ClCompile Include="Algrithm\InReverseFormulaSolver.cpp">
      <Filter>Source Files</Filter>
    </ClCompile>
    <ClCompile Include="ReverseOptimizationWorker.cpp">
      <Filter>Source Files</Filter>
    </ClCompile>
    <ClCompile Include="BaseCurvePlotWidget.cpp">
      <Filter>Source Files</Filter>
    </ClCompile>
    <ClCompile Include="BaseCurvePlot.cpp">
      <Filter>Source Files</Filter>
    </ClCompile>
    <ClCompile Include="CurvePlotWidget\PreForwardTimeTempWid.cpp">
      <Filter>Source Files</Filter>
    </ClCompile>
    <ClCompile Include="CurvePlotWidget\InForwardDensityTempWid.cpp">
      <Filter>Source Files</Filter>
    </ClCompile>
    <ClCompile Include="CurvePlotWidget\InForwardDensityVacuumWid.cpp">
      <Filter>Source Files</Filter>
    </ClCompile>
    <ClCompile Include="CurvePlotWidget\InForwardDensityValveWid.cpp">
      <Filter>Source Files</Filter>
    </ClCompile>
    <ClCompile Include="CurvePlotWidget\InForwardTimeTempWid.cpp">
      <Filter>Source Files</Filter>
    </ClCompile>
    <ClCompile Include="CurvePlotWidget\InForwardTimeVacuumWid.cpp">
      <Filter>Source Files</Filter>
    </ClCompile>
    <ClCompile Include="CurvePlotWidget\InForwardTimeValveWid.cpp">
      <Filter>Source Files</Filter>
    </ClCompile>
    <ClCompile Include="ForwardDesignWorker.cpp">
      <Filter>Source Files</Filter>
    </ClCompile>
    <ClCompile Include="InitWidget\LoginWindow.cpp">
      <Filter>Source Files</Filter>
    </ClCompile>
    <ClCompile Include="InitWidget\SoftwareSelectionWidget.cpp">
      <Filter>Source Files</Filter>
    </ClCompile>
    <ClCompile Include="InitWidget\InjectionParamWidget.cpp">
      <Filter>Source Files</Filter>
    </ClCompile>
    <ClCompile Include="InitWidget\PreheatingParamWidget.cpp">
      <Filter>Source Files</Filter>
    </ClCompile>
  </ItemGroup>
  <ItemGroup>
    <QtMoc Include="occView.h">
      <Filter>Header Files</Filter>
    </QtMoc>
    <QtMoc Include="GFTreeModelWidget.h">
      <Filter>Header Files</Filter>
    </QtMoc>
    <QtMoc Include="GFImportModelWidget.h">
      <Filter>Header Files</Filter>
    </QtMoc>
    <QtMoc Include="GFLogWidget.h">
      <Filter>Header Files</Filter>
    </QtMoc>
    <QtMoc Include="DatabaseWidget.h">
      <Filter>Header Files</Filter>
    </QtMoc>
    <QtMoc Include="PropertyWidget\BasePropertyWidget.h">
      <Filter>Header Files</Filter>
    </QtMoc>
    <QtMoc Include="PropertyWidget\GeomPropertyWidget.h">
      <Filter>Header Files</Filter>
    </QtMoc>
    <QtMoc Include="PropertyWidget\MaterialPropertyWidget.h">
      <Filter>Header Files</Filter>
    </QtMoc>
    <QtMoc Include="PropertyWidget\PropellantPropertyWidget.h">
      <Filter>Header Files</Filter>
    </QtMoc>
    <QtMoc Include="PropertyWidget\ShellPropertyWidget.h">
      <Filter>Header Files</Filter>
    </QtMoc>
    <QtMoc Include="PropertyWidget\ProjectPropertyWidge.h">
      <Filter>Header Files</Filter>
    </QtMoc>
    <QtMoc Include="DataStructure\ModelDataManager.h">
      <Filter>Header Files</Filter>
    </QtMoc>
    <QtMoc Include="PropertyWidget\CalculationPropertyWidget.h">
      <Filter>Header Files</Filter>
    </QtMoc>
    <QtMoc Include="PropertyWidget\GelatinPropertyWidget.h">
      <Filter>Header Files</Filter>
    </QtMoc>
    <QtMoc Include="GFTreeWidgetItemDelegate.h">
      <Filter>Header Files</Filter>
    </QtMoc>
    <QtMoc Include="GFTreeWidget.h">
      <Filter>Header Files</Filter>
    </QtMoc>
    <QtMoc Include="ProgressDialog.h">
      <Filter>Header Files</Filter>
    </QtMoc>
    <QtMoc Include="GeometryImportWorker.h">
      <Filter>Header Files</Filter>
    </QtMoc>
    <QtMoc Include="PropertyWidget\DatabasePropertyWidget.h">
      <Filter>Header Files</Filter>
    </QtMoc>
    <QtMoc Include="WordExporter.h">
      <Filter>Header Files</Filter>
    </QtMoc>
    <QtMoc Include="WordExporterWorker.h">
      <Filter>Header Files</Filter>
    </QtMoc>
    <QtMoc Include="TriangulationWorker.h">
      <Filter>Header Files</Filter>
    </QtMoc>
    <QtMoc Include="CalculateWorker.h">
      <Filter>Header Files</Filter>
    </QtMoc>
    <QtMoc Include="PropertyWidget\PreForwardDesignPropertyWidget.h">
      <Filter>Header Files</Filter>
    </QtMoc>
    <QtMoc Include="PropertyWidget\PreReverseOptimizationPropertyWidget.h">
      <Filter>Header Files</Filter>
    </QtMoc>
    <QtMoc Include="PropertyWidget\InForwardDesignPropertyWidget.h">
      <Filter>Header Files</Filter>
    </QtMoc>
    <QtMoc Include="PropertyWidget\InReverseOptimizationPropertyWidget.h">
      <Filter>Header Files</Filter>
    </QtMoc>
    <QtMoc Include="PropertyWidget\MeshPropertyWidget.h">
      <Filter>Header Files</Filter>
    </QtMoc>
    <QtMoc Include="QCustomPlot\qcustomplot.h">
      <Filter>Header Files</Filter>
    </QtMoc>
    <QtMoc Include="ToolsAnimationWidget.h">
      <Filter>Header Files</Filter>
    </QtMoc>
    <QtMoc Include="Algrithm\PreReverseFormulaSolver.h">
      <Filter>Header Files</Filter>
    </QtMoc>
    <QtMoc Include="Algrithm\InReverseFormulaSolver.h">
      <Filter>Header Files</Filter>
    </QtMoc>
    <QtMoc Include="ReverseOptimizationWorker.h">
      <Filter>Header Files</Filter>
    </QtMoc>
    <QtMoc Include="BaseCurvePlot.h">
      <Filter>Header Files</Filter>
    </QtMoc>
    <QtMoc Include="BaseCurvePlotWidget.h">
      <Filter>Header Files</Filter>
    </QtMoc>
    <QtMoc Include="CurvePlotWidget\PreForwardTimeTempWid.h">
      <Filter>Header Files</Filter>
    </QtMoc>
    <QtMoc Include="CurvePlotWidget\InForwardDensityTempWid.h">
      <Filter>Header Files</Filter>
    </QtMoc>
    <QtMoc Include="CurvePlotWidget\InForwardDensityVacuumWid.h">
      <Filter>Header Files</Filter>
    </QtMoc>
    <QtMoc Include="CurvePlotWidget\InForwardDensityValveWid.h">
      <Filter>Header Files</Filter>
    </QtMoc>
    <QtMoc Include="CurvePlotWidget\InForwardTimeTempWid.h">
      <Filter>Header Files</Filter>
    </QtMoc>
    <QtMoc Include="CurvePlotWidget\InForwardTimeVacuumWid.h">
      <Filter>Header Files</Filter>
    </QtMoc>
    <QtMoc Include="CurvePlotWidget\InForwardTimeValveWid.h">
      <Filter>Header Files</Filter>
    </QtMoc>
    <QtMoc Include="ForwardDesignWorker.h">
      <Filter>Header Files</Filter>
    </QtMoc>
    <QtMoc Include="InitWidget\LoginWindow.h">
      <Filter>Header Files</Filter>
    </QtMoc>
    <QtMoc Include="InitWidget\SoftwareSelectionWidget.h">
      <Filter>Header Files</Filter>
    </QtMoc>
    <QtMoc Include="InitWidget\PreheatingParamWidget.h">
      <Filter>Header Files</Filter>
    </QtMoc>
  </ItemGroup>
  <ItemGroup>
    <QtUic Include="DatabaseWidget.ui">
      <Filter>Form Files</Filter>
    </QtUic>
  </ItemGroup>
  <ItemGroup>
    <ClInclude Include="DataStructure\TriangleStructure.h">
      <Filter>Header Files</Filter>
    </ClInclude>
    <ClInclude Include="Algrithm\colour_change_algrithm.h">
      <Filter>Header Files</Filter>
    </ClInclude>
    <ClInclude Include="Algrithm\APICreateMidSurfaceHelper.h">
      <Filter>Header Files</Filter>
    </ClInclude>
    <ClInclude Include="Algrithm\APIRotateMeshHelper.h">
      <Filter>Header Files</Filter>
    </ClInclude>
    <ClInclude Include="Algrithm\APICalculateHepler.h">
      <Filter>Header Files</Filter>
    </ClInclude>
    <ClInclude Include="Algrithm\APISetNodeValue.h">
      <Filter>Header Files</Filter>
    </ClInclude>
    <ClInclude Include="InitWidget\InjectionParamWidget.h">
      <Filter>Header Files</Filter>
    </ClInclude>
  </ItemGroup>
</Project>